
Microsoft Visual Studio Solution File, Format Version 12.00
# Visual Studio 15
VisualStudioVersion = 15.0.27130.2026
MinimumVisualStudioVersion = 10.0.40219.1
Project("{FAE04EC0-301F-11D3-BF4B-00C04F79EFBC}") = "Spectre.Data.Deprecated", "Spectre.Data.Deprecated\Spectre.Data.Deprecated.csproj", "{70C87AF7-3189-4F6C-AC85-93309CF7CFDC}"
EndProject
Project("{FAE04EC0-301F-11D3-BF4B-00C04F79EFBC}") = "Spectre.Data.Deprecated.Tests", "Spectre.Data.Deprecated.Tests\Spectre.Data.Deprecated.Tests.csproj", "{01391E76-3D20-4B4B-B727-2A133B35A144}"
EndProject
Project("{FAE04EC0-301F-11D3-BF4B-00C04F79EFBC}") = "Spectre.Service.Deprecated", "Spectre.Service.Deprecated\Spectre.Service.Deprecated.csproj", "{287A1A8D-C029-4D47-96BC-755C91B7985D}"
	ProjectSection(ProjectDependencies) = postProject
		{B5B60F79-653C-4E41-9721-06C478CE9E7C} = {B5B60F79-653C-4E41-9721-06C478CE9E7C}
		{70C87AF7-3189-4F6C-AC85-93309CF7CFDC} = {70C87AF7-3189-4F6C-AC85-93309CF7CFDC}
	EndProjectSection
EndProject
Project("{FAE04EC0-301F-11D3-BF4B-00C04F79EFBC}") = "Spectre.Service.Deprecated.Tests", "Spectre.Service.Deprecated.Tests\Spectre.Service.Deprecated.Tests.csproj", "{1D79FD14-1DF4-4AED-94DF-62E595206DEF}"
EndProject
Project("{2150E333-8FDC-42A3-9474-1A3956D46DE8}") = "Solution Items", "Solution Items", "{9660DC51-B40B-454B-84B7-7FF830DA2D34}"
	ProjectSection(SolutionItems) = preProject
		CSharpCodingConvention.ruleset = CSharpCodingConvention.ruleset
	EndProjectSection
EndProject
Project("{FAE04EC0-301F-11D3-BF4B-00C04F79EFBC}") = "Spectre.Database.Deprecated", "Spectre.Database.Deprecated\Spectre.Database.Deprecated.csproj", "{B5B60F79-653C-4E41-9721-06C478CE9E7C}"
EndProject
Project("{FAE04EC0-301F-11D3-BF4B-00C04F79EFBC}") = "Spectre.Database.Deprecated.Tests", "Spectre.Database.Deprecated.Tests\Spectre.Database.Deprecated.Tests.csproj", "{2D5AD568-F2EE-4B8C-AF81-2C46EB45B0ED}"
EndProject
Project("{FAE04EC0-301F-11D3-BF4B-00C04F79EFBC}") = "Spectre.Dependencies.Deprecated", "Spectre.Dependencies.Deprecated\Spectre.Dependencies.Deprecated.csproj", "{2B9F4DFD-C222-477A-9107-1A3C356002A4}"
EndProject
Project("{2150E333-8FDC-42A3-9474-1A3956D46DE8}") = "Clients", "Clients", "{CCEC918E-827A-4FDF-9BEB-4E7C8D045DBA}"
EndProject
Project("{FAE04EC0-301F-11D3-BF4B-00C04F79EFBC}") = "Spectre.DataValidatorApp.Deprecated", "Spectre.DataValidatorApp.Deprecated\Spectre.DataValidatorApp.Deprecated.csproj", "{3D932849-312C-473C-B74C-ABD1F11A0739}"
EndProject
Project("{FAE04EC0-301F-11D3-BF4B-00C04F79EFBC}") = "Spectre.Data", "Spectre.Data\Spectre.Data.csproj", "{B15113CC-92AF-4AE1-ACB8-78F70E5550E2}"
EndProject
Project("{FAE04EC0-301F-11D3-BF4B-00C04F79EFBC}") = "Spectre.Data.Tests", "Spectre.Data.Tests\Spectre.Data.Tests.csproj", "{6CF8EF8E-45EC-4912-A0DB-EE75B07DB557}"
EndProject
Global
	GlobalSection(SolutionConfigurationPlatforms) = preSolution
		Debug|Any CPU = Debug|Any CPU
		Release|Any CPU = Release|Any CPU
	EndGlobalSection
	GlobalSection(ProjectConfigurationPlatforms) = postSolution
		{70C87AF7-3189-4F6C-AC85-93309CF7CFDC}.Debug|Any CPU.ActiveCfg = Debug|Any CPU
		{70C87AF7-3189-4F6C-AC85-93309CF7CFDC}.Debug|Any CPU.Build.0 = Debug|Any CPU
		{70C87AF7-3189-4F6C-AC85-93309CF7CFDC}.Release|Any CPU.ActiveCfg = Release|Any CPU
		{70C87AF7-3189-4F6C-AC85-93309CF7CFDC}.Release|Any CPU.Build.0 = Release|Any CPU
		{01391E76-3D20-4B4B-B727-2A133B35A144}.Debug|Any CPU.ActiveCfg = Debug|Any CPU
		{01391E76-3D20-4B4B-B727-2A133B35A144}.Debug|Any CPU.Build.0 = Debug|Any CPU
		{01391E76-3D20-4B4B-B727-2A133B35A144}.Release|Any CPU.ActiveCfg = Release|Any CPU
		{01391E76-3D20-4B4B-B727-2A133B35A144}.Release|Any CPU.Build.0 = Release|Any CPU
		{287A1A8D-C029-4D47-96BC-755C91B7985D}.Debug|Any CPU.ActiveCfg = Debug|Any CPU
		{287A1A8D-C029-4D47-96BC-755C91B7985D}.Debug|Any CPU.Build.0 = Debug|Any CPU
		{287A1A8D-C029-4D47-96BC-755C91B7985D}.Release|Any CPU.ActiveCfg = Release|Any CPU
		{287A1A8D-C029-4D47-96BC-755C91B7985D}.Release|Any CPU.Build.0 = Release|Any CPU
		{1D79FD14-1DF4-4AED-94DF-62E595206DEF}.Debug|Any CPU.ActiveCfg = Debug|Any CPU
		{1D79FD14-1DF4-4AED-94DF-62E595206DEF}.Debug|Any CPU.Build.0 = Debug|Any CPU
		{1D79FD14-1DF4-4AED-94DF-62E595206DEF}.Release|Any CPU.ActiveCfg = Release|Any CPU
		{1D79FD14-1DF4-4AED-94DF-62E595206DEF}.Release|Any CPU.Build.0 = Release|Any CPU
		{B5B60F79-653C-4E41-9721-06C478CE9E7C}.Debug|Any CPU.ActiveCfg = Debug|Any CPU
		{B5B60F79-653C-4E41-9721-06C478CE9E7C}.Debug|Any CPU.Build.0 = Debug|Any CPU
		{B5B60F79-653C-4E41-9721-06C478CE9E7C}.Release|Any CPU.ActiveCfg = Release|Any CPU
		{B5B60F79-653C-4E41-9721-06C478CE9E7C}.Release|Any CPU.Build.0 = Release|Any CPU
		{2D5AD568-F2EE-4B8C-AF81-2C46EB45B0ED}.Debug|Any CPU.ActiveCfg = Debug|Any CPU
		{2D5AD568-F2EE-4B8C-AF81-2C46EB45B0ED}.Debug|Any CPU.Build.0 = Debug|Any CPU
		{2D5AD568-F2EE-4B8C-AF81-2C46EB45B0ED}.Release|Any CPU.ActiveCfg = Release|Any CPU
		{2D5AD568-F2EE-4B8C-AF81-2C46EB45B0ED}.Release|Any CPU.Build.0 = Release|Any CPU
		{2B9F4DFD-C222-477A-9107-1A3C356002A4}.Debug|Any CPU.ActiveCfg = Debug|Any CPU
		{2B9F4DFD-C222-477A-9107-1A3C356002A4}.Debug|Any CPU.Build.0 = Debug|Any CPU
		{2B9F4DFD-C222-477A-9107-1A3C356002A4}.Release|Any CPU.ActiveCfg = Release|Any CPU
		{2B9F4DFD-C222-477A-9107-1A3C356002A4}.Release|Any CPU.Build.0 = Release|Any CPU
		{3D932849-312C-473C-B74C-ABD1F11A0739}.Debug|Any CPU.ActiveCfg = Debug|Any CPU
		{3D932849-312C-473C-B74C-ABD1F11A0739}.Debug|Any CPU.Build.0 = Debug|Any CPU
		{3D932849-312C-473C-B74C-ABD1F11A0739}.Release|Any CPU.ActiveCfg = Release|Any CPU
		{3D932849-312C-473C-B74C-ABD1F11A0739}.Release|Any CPU.Build.0 = Release|Any CPU
		{B15113CC-92AF-4AE1-ACB8-78F70E5550E2}.Debug|Any CPU.ActiveCfg = Debug|Any CPU
		{B15113CC-92AF-4AE1-ACB8-78F70E5550E2}.Debug|Any CPU.Build.0 = Debug|Any CPU
		{B15113CC-92AF-4AE1-ACB8-78F70E5550E2}.Release|Any CPU.ActiveCfg = Release|Any CPU
		{B15113CC-92AF-4AE1-ACB8-78F70E5550E2}.Release|Any CPU.Build.0 = Release|Any CPU
		{6CF8EF8E-45EC-4912-A0DB-EE75B07DB557}.Debug|Any CPU.ActiveCfg = Debug|Any CPU
		{6CF8EF8E-45EC-4912-A0DB-EE75B07DB557}.Debug|Any CPU.Build.0 = Debug|Any CPU
		{6CF8EF8E-45EC-4912-A0DB-EE75B07DB557}.Release|Any CPU.ActiveCfg = Release|Any CPU
		{6CF8EF8E-45EC-4912-A0DB-EE75B07DB557}.Release|Any CPU.Build.0 = Release|Any CPU
	EndGlobalSection
	GlobalSection(SolutionProperties) = preSolution
		HideSolutionNode = FALSE
	EndGlobalSection
	GlobalSection(NestedProjects) = preSolution
		{3D932849-312C-473C-B74C-ABD1F11A0739} = {CCEC918E-827A-4FDF-9BEB-4E7C8D045DBA}
	EndGlobalSection
	GlobalSection(ExtensibilityGlobals) = postSolution
		SolutionGuid = {ED57AF8B-7937-40C6-9764-D313AB08FEC9}
	EndGlobalSection
EndGlobal
